
Microsoft Visual Studio Solution File, Format Version 12.00
# Visual Studio Version 16
VisualStudioVersion = 16.0.30611.23
MinimumVisualStudioVersion = 10.0.40219.1
Project("{FAE04EC0-301F-11D3-BF4B-00C04F79EFBC}") = "Less001_Task3", "Less001_Task3\Less001_Task3.csproj", "{D6EC13D1-5862-4F03-BBFA-03E6CED16A8B}"
EndProject
Global
	GlobalSection(SolutionConfigurationPlatforms) = preSolution
		Debug|Any CPU = Debug|Any CPU
		Release|Any CPU = Release|Any CPU
	EndGlobalSection
	GlobalSection(ProjectConfigurationPlatforms) = postSolution
		{D6EC13D1-5862-4F03-BBFA-03E6CED16A8B}.Debug|Any CPU.ActiveCfg = Debug|Any CPU
		{D6EC13D1-5862-4F03-BBFA-03E6CED16A8B}.Debug|Any CPU.Build.0 = Debug|Any CPU
		{D6EC13D1-5862-4F03-BBFA-03E6CED16A8B}.Release|Any CPU.ActiveCfg = Release|Any CPU
		{D6EC13D1-5862-4F03-BBFA-03E6CED16A8B}.Release|Any CPU.Build.0 = Release|Any CPU
	EndGlobalSection
	GlobalSection(SolutionProperties) = preSolution
		HideSolutionNode = FALSE
	EndGlobalSection
	GlobalSection(ExtensibilityGlobals) = postSolution
		SolutionGuid = {1FCDFF47-DDCF-4418-8A05-56DEC496E77D}
	EndGlobalSection
EndGlobal
